
Microsoft Visual Studio Solution File, Format Version 12.00
# Visual Studio Version 17
VisualStudioVersion = 17.9.34723.18
MinimumVisualStudioVersion = 10.0.40219.1
Project("{FAE04EC0-301F-11D3-BF4B-00C04F79EFBC}") = "ABM_USUARIOS", "ABM_USUARIOS\ABM_USUARIOS.csproj", "{EEB15122-8BBF-481D-9C06-4474C8B42688}"
EndProject
Global
	GlobalSection(SolutionConfigurationPlatforms) = preSolution
		Debug|Any CPU = Debug|Any CPU
		Release|Any CPU = Release|Any CPU
	EndGlobalSection
	GlobalSection(ProjectConfigurationPlatforms) = postSolution
		{EEB15122-8BBF-481D-9C06-4474C8B42688}.Debug|Any CPU.ActiveCfg = Debug|Any CPU
		{EEB15122-8BBF-481D-9C06-4474C8B42688}.Debug|Any CPU.Build.0 = Debug|Any CPU
		{EEB15122-8BBF-481D-9C06-4474C8B42688}.Release|Any CPU.ActiveCfg = Release|Any CPU
		{EEB15122-8BBF-481D-9C06-4474C8B42688}.Release|Any CPU.Build.0 = Release|Any CPU
	EndGlobalSection
	GlobalSection(SolutionProperties) = preSolution
		HideSolutionNode = FALSE
	EndGlobalSection
	GlobalSection(ExtensibilityGlobals) = postSolution
		SolutionGuid = {6A9E51CC-22E8-484B-A41B-9E5F9B597B33}
	EndGlobalSection
EndGlobal
